{
  "name": "genericsuite-be-ai",
  "lockfileVersion": 3,
  "requires": true,
  "packages": {
    "": {
      "devDependencies": {
        "genericsuite-be-scripts": "file:../genericsuite-be-scripts"
      }
    },
    "../genericsuite-be-scripts": {
      "version": "1.3.0",
      "dev": true,
      "license": "MIT",
      "devDependencies": {
        "office-addin-dev-certs": "^1.12.2"
      }
    },
    "node_modules/genericsuite-be-scripts": {
      "resolved": "../genericsuite-be-scripts",
      "link": true
    }
  }
}