{
  "name": "genericsuite-be-ai",
  "version": "0.3.0",
  "lockfileVersion": 3,
  "requires": true,
  "packages": {
    "": {
      "name": "genericsuite-be-ai",
      "version": "0.3.0",
      "license": "MIT",
      "devDependencies": {
        "genericsuite-be-scripts": "github:tomkat-cr/genericsuite-be-scripts#develop"
      }
    },
    "node_modules/genericsuite-be-scripts": {
      "version": "1.3.0",
      "resolved": "git+ssh://git@github.com/tomkat-cr/genericsuite-be-scripts.git#0aef9e43c5477fed938f62465321ad0dbe7e1d9f",
      "dev": true,
      "license": "MIT"
    }
  }
}
